
Microsoft Visual Studio Solution File, Format Version 12.00
# Visual Studio Version 17
VisualStudioVersion = 17.5.002.0
MinimumVisualStudioVersion = 10.0.40219.1
Project("{9A19103F-16F7-4668-BE54-9A1E7A4F7556}") = "propriedades", "propriedades.csproj", "{6DBB985C-6D55-4108-8FFC-C2532CDE10A0}"
EndProject
Global
	GlobalSection(SolutionConfigurationPlatforms) = preSolution
		Debug|Any CPU = Debug|Any CPU
		Release|Any CPU = Release|Any CPU
	EndGlobalSection
	GlobalSection(ProjectConfigurationPlatforms) = postSolution
		{6DBB985C-6D55-4108-8FFC-C2532CDE10A0}.Debug|Any CPU.ActiveCfg = Debug|Any CPU
		{6DBB985C-6D55-4108-8FFC-C2532CDE10A0}.Debug|Any CPU.Build.0 = Debug|Any CPU
		{6DBB985C-6D55-4108-8FFC-C2532CDE10A0}.Release|Any CPU.ActiveCfg = Release|Any CPU
		{6DBB985C-6D55-4108-8FFC-C2532CDE10A0}.Release|Any CPU.Build.0 = Release|Any CPU
	EndGlobalSection
	GlobalSection(SolutionProperties) = preSolution
		HideSolutionNode = FALSE
	EndGlobalSection
	GlobalSection(ExtensibilityGlobals) = postSolution
		SolutionGuid = {DC15982B-0931-4CF1-BAFE-225343C6B53C}
	EndGlobalSection
EndGlobal
